<?xml version="1.0" encoding="utf-8"?>
<Project ToolsVersion="4.0" xmlns="http://schemas.microsoft.com/developer/msbuild/2003">
  <ItemGroup>
    <ClInclude Include="ts_kafka.hpp" />
    <ClInclude Include="defs.hpp" />
    <ClInclude Include="circular_buffer.hpp" />
    <ClInclude Include="include_rdkafka.h" />
    <ClInclude Include="basic_consumer.hpp" />
    <ClInclude Include="basic_producer.hpp" />
    <ClInclude Include="event_cb.h" />
  </ItemGroup>
  <ItemGroup>
    <ClCompile Include="basic_consumer.cpp" />
    <ClCompile Include="basic_producer.cpp" />
  </ItemGroup>
</Project>